
Microsoft Visual Studio Solution File, Format Version 12.00
# Visual Studio Version 17
VisualStudioVersion = 17.3.32929.385
MinimumVisualStudioVersion = 10.0.40219.1
Project("{FAE04EC0-301F-11D3-BF4B-00C04F79EFBC}") = "bytebank", "bytebank\bytebank.csproj", "{D37E7A01-6242-4614-8ED7-953A0AC5D44B}"
EndProject
Global
	GlobalSection(SolutionConfigurationPlatforms) = preSolution
		Debug|Any CPU = Debug|Any CPU
		Release|Any CPU = Release|Any CPU
	EndGlobalSection
	GlobalSection(ProjectConfigurationPlatforms) = postSolution
		{D37E7A01-6242-4614-8ED7-953A0AC5D44B}.Debug|Any CPU.ActiveCfg = Debug|Any CPU
		{D37E7A01-6242-4614-8ED7-953A0AC5D44B}.Debug|Any CPU.Build.0 = Debug|Any CPU
		{D37E7A01-6242-4614-8ED7-953A0AC5D44B}.Release|Any CPU.ActiveCfg = Release|Any CPU
		{D37E7A01-6242-4614-8ED7-953A0AC5D44B}.Release|Any CPU.Build.0 = Release|Any CPU
	EndGlobalSection
	GlobalSection(SolutionProperties) = preSolution
		HideSolutionNode = FALSE
	EndGlobalSection
	GlobalSection(ExtensibilityGlobals) = postSolution
		SolutionGuid = {1C5886B6-30EC-4116-AB59-0BAADD6149E1}
	EndGlobalSection
EndGlobal
