
Microsoft Visual Studio Solution File, Format Version 12.00
# Visual Studio Version 17
VisualStudioVersion = 17.3.32929.385
MinimumVisualStudioVersion = 10.0.40219.1
Project("{FAE04EC0-301F-11D3-BF4B-00C04F79EFBC}") = "CsharpCollections", "CsharpCollections\CsharpCollections.csproj", "{5B055E92-533B-4123-B4BE-2601C912BB41}"
EndProject
Global
	GlobalSection(SolutionConfigurationPlatforms) = preSolution
		Debug|Any CPU = Debug|Any CPU
		Release|Any CPU = Release|Any CPU
	EndGlobalSection
	GlobalSection(ProjectConfigurationPlatforms) = postSolution
		{5B055E92-533B-4123-B4BE-2601C912BB41}.Debug|Any CPU.ActiveCfg = Debug|Any CPU
		{5B055E92-533B-4123-B4BE-2601C912BB41}.Debug|Any CPU.Build.0 = Debug|Any CPU
		{5B055E92-533B-4123-B4BE-2601C912BB41}.Release|Any CPU.ActiveCfg = Release|Any CPU
		{5B055E92-533B-4123-B4BE-2601C912BB41}.Release|Any CPU.Build.0 = Release|Any CPU
	EndGlobalSection
	GlobalSection(SolutionProperties) = preSolution
		HideSolutionNode = FALSE
	EndGlobalSection
	GlobalSection(ExtensibilityGlobals) = postSolution
		SolutionGuid = {53E95D80-5893-4891-8E41-EEBAB2B439A4}
	EndGlobalSection
EndGlobal
